dependencies:
- name: minio
  repository: https://charts.min.io
  version: 4.0.15
- name: cortex
  repository: https://cortexproject.github.io/cortex-helm-chart
  version: 1.7.0
- name: prometheus
  repository: https://prometheus-community.github.io/helm-charts
  version: 15.16.1
digest: sha256:57c0b9afb47834be113ac4b162e00fb99ef67ad746821984a76bb520a80a2626
generated: "2022-10-23T17:54:09.883635933+08:00"
